
Microsoft Visual Studio Solution File, Format Version 12.00
# Visual Studio Version 16
VisualStudioVersion = 16.0.30204.135
MinimumVisualStudioVersion = 10.0.40219.1
Project("{FAE04EC0-301F-11D3-BF4B-00C04F79EFBC}") = "ApiAnguler", "ApiAnguler.csproj", "{C339462D-D9AA-4FA1-BA75-CE51157CD518}"
EndProject
Global
	GlobalSection(SolutionConfigurationPlatforms) = preSolution
		Debug|Any CPU = Debug|Any CPU
		Release|Any CPU = Release|Any CPU
	EndGlobalSection
	GlobalSection(ProjectConfigurationPlatforms) = postSolution
		{C339462D-D9AA-4FA1-BA75-CE51157CD518}.Debug|Any CPU.ActiveCfg = Debug|Any CPU
		{C339462D-D9AA-4FA1-BA75-CE51157CD518}.Debug|Any CPU.Build.0 = Debug|Any CPU
		{C339462D-D9AA-4FA1-BA75-CE51157CD518}.Release|Any CPU.ActiveCfg = Release|Any CPU
		{C339462D-D9AA-4FA1-BA75-CE51157CD518}.Release|Any CPU.Build.0 = Release|Any CPU
	EndGlobalSection
	GlobalSection(SolutionProperties) = preSolution
		HideSolutionNode = FALSE
	EndGlobalSection
	GlobalSection(ExtensibilityGlobals) = postSolution
		SolutionGuid = {881100D3-0435-49CF-99F5-C35358A2A9B9}
	EndGlobalSection
EndGlobal
